{
    "name": "honkit-plugin-katex",
    "version": "1.1.5",
    "lockfileVersion": 1,
    "requires": true,
    "dependencies": {
        "commander": {
            "version": "6.2.1",
            "resolved": "https://mirrors.tencent.com/npm/commander/-/commander-6.2.1.tgz",
            "integrity": "sha512-U7VdrJFnJgo4xjrHpTzu0yrHPGImdsmD95ZlgYSEajAn2JKzDhDTPG9kBTefmObL2w/ngeZnilk+OV9CG3d7UA=="
        },
        "katex": {
            "version": "0.13.19",
            "resolved": "https://mirrors.tencent.com/npm/katex/-/katex-0.13.19.tgz",
            "integrity": "sha512-5a3eZvdSfdQStJhNDM3JuEOtI9U3N+KzmutLNf76YHosZeA6bcas45O4AwQQ2oVh5xHs5jiUBn5t+s2Cue+bGw==",
            "requires": {
                "commander": "^6.0.0"
            }
        }
    }
}
